
Microsoft Visual Studio Solution File, Format Version 12.00
# Visual Studio Version 17
VisualStudioVersion = 17.2.32526.322
MinimumVisualStudioVersion = 10.0.40219.1
Project("{9A19103F-16F7-4668-BE54-9A1E7A4F7556}") = "MVC-EFC", "MVC-EFC\MVC-EFC.csproj", "{0B1F8C6A-ADCF-4066-A310-70FFD27479EB}"
EndProject
Project("{9A19103F-16F7-4668-BE54-9A1E7A4F7556}") = "PhoneBookEntitiesLib", "PhoneBookLib\PhoneBookEntitiesLib.csproj", "{7B7EFCFB-F242-42BF-A6C5-8D95B2604B93}"
EndProject
Global
	GlobalSection(SolutionConfigurationPlatforms) = preSolution
		Debug|Any CPU = Debug|Any CPU
		Release|Any CPU = Release|Any CPU
	EndGlobalSection
	GlobalSection(ProjectConfigurationPlatforms) = postSolution
		{0B1F8C6A-ADCF-4066-A310-70FFD27479EB}.Debug|Any CPU.ActiveCfg = Debug|Any CPU
		{0B1F8C6A-ADCF-4066-A310-70FFD27479EB}.Debug|Any CPU.Build.0 = Debug|Any CPU
		{0B1F8C6A-ADCF-4066-A310-70FFD27479EB}.Release|Any CPU.ActiveCfg = Release|Any CPU
		{0B1F8C6A-ADCF-4066-A310-70FFD27479EB}.Release|Any CPU.Build.0 = Release|Any CPU
		{7B7EFCFB-F242-42BF-A6C5-8D95B2604B93}.Debug|Any CPU.ActiveCfg = Debug|Any CPU
		{7B7EFCFB-F242-42BF-A6C5-8D95B2604B93}.Debug|Any CPU.Build.0 = Debug|Any CPU
		{7B7EFCFB-F242-42BF-A6C5-8D95B2604B93}.Release|Any CPU.ActiveCfg = Release|Any CPU
		{7B7EFCFB-F242-42BF-A6C5-8D95B2604B93}.Release|Any CPU.Build.0 = Release|Any CPU
	EndGlobalSection
	GlobalSection(SolutionProperties) = preSolution
		HideSolutionNode = FALSE
	EndGlobalSection
	GlobalSection(ExtensibilityGlobals) = postSolution
		SolutionGuid = {5185EA46-824B-4E53-B0A7-7FE582C975F6}
	EndGlobalSection
EndGlobal
